
Microsoft Visual Studio Solution File, Format Version 12.00
# Visual Studio Version 17
VisualStudioVersion = 17.8.34511.84
MinimumVisualStudioVersion = 10.0.40219.1
Project("{8BC9CEB8-8B4A-11D0-8D11-00A0C91BC942}") = "binaryColourStructTutorial", "binaryColourStructTutorial\binaryColourStructTutorial.vcxproj", "{17635DCD-9598-474A-B345-DCFE63CD6480}"
EndProject
Global
	GlobalSection(SolutionConfigurationPlatforms) = preSolution
		Debug|x64 = Debug|x64
		Debug|x86 = Debug|x86
		Release|x64 = Release|x64
		Release|x86 = Release|x86
	EndGlobalSection
	GlobalSection(ProjectConfigurationPlatforms) = postSolution
		{17635DCD-9598-474A-B345-DCFE63CD6480}.Debug|x64.ActiveCfg = Debug|x64
		{17635DCD-9598-474A-B345-DCFE63CD6480}.Debug|x64.Build.0 = Debug|x64
		{17635DCD-9598-474A-B345-DCFE63CD6480}.Debug|x86.ActiveCfg = Debug|Win32
		{17635DCD-9598-474A-B345-DCFE63CD6480}.Debug|x86.Build.0 = Debug|Win32
		{17635DCD-9598-474A-B345-DCFE63CD6480}.Release|x64.ActiveCfg = Release|x64
		{17635DCD-9598-474A-B345-DCFE63CD6480}.Release|x64.Build.0 = Release|x64
		{17635DCD-9598-474A-B345-DCFE63CD6480}.Release|x86.ActiveCfg = Release|Win32
		{17635DCD-9598-474A-B345-DCFE63CD6480}.Release|x86.Build.0 = Release|Win32
	EndGlobalSection
	GlobalSection(SolutionProperties) = preSolution
		HideSolutionNode = FALSE
	EndGlobalSection
	GlobalSection(ExtensibilityGlobals) = postSolution
		SolutionGuid = {DBEB647A-7DB2-4DD5-BABF-93D0800BD234}
	EndGlobalSection
EndGlobal
